<?xml version="1.0" encoding="utf-8"?>
<Project ToolsVersion="4.0" xmlns="http://schemas.microsoft.com/developer/msbuild/2003">
  <ItemGroup>
    <Filter Include="Исходные файлы">
      <UniqueIdentifier>{4FC737F1-C7A5-4376-A066-2A32D752A2FF}</UniqueIdentifier>
      <Extensions>cpp;c;cc;cxx;c++;cppm;ixx;def;odl;idl;hpj;bat;asm;asmx</Extensions>
    </Filter>
    <Filter Include="Файлы заголовков">
      <UniqueIdentifier>{93995380-89BD-4b04-88EB-625FBE52EBFB}</UniqueIdentifier>
      <Extensions>h;hh;hpp;hxx;h++;hm;inl;inc;ipp;xsd</Extensions>
    </Filter>
    <Filter Include="Файлы ресурсов">
      <UniqueIdentifier>{67DA6AB6-F800-4c08-8B7A-83BB121AAD01}</UniqueIdentifier>
      <Extensions>rc;ico;cur;bmp;dlg;rc2;rct;bin;rgs;gif;jpg;jpeg;jpe;resx;tiff;tif;png;wav;mfcribbon-ms</Extensions>
    </Filter>
    <Filter Include="Readers">
      <UniqueIdentifier>{c95613b7-b82b-4649-ab70-a44b417ede1e}</UniqueIdentifier>
    </Filter>
    <Filter Include="Readers\STLReader">
      <UniqueIdentifier>{ea98488e-6d40-4275-8b78-f56172a42c44}</UniqueIdentifier>
      <Extensions>
      </Extensions>
    </Filter>
    <Filter Include="Writers">
      <UniqueIdentifier>{7a1a5ca0-b258-415b-94dc-37a13128dade}</UniqueIdentifier>
    </Filter>
    <Filter Include="Writers\STLWriter">
      <UniqueIdentifier>{f2e00f77-f3fd-48b9-b90c-7a91b58b7063}</UniqueIdentifier>
    </Filter>
    <Filter Include="TransformationExecutors">
      <UniqueIdentifier>{f799ce98-f8c4-4f6e-b43e-6518d0d88ddb}</UniqueIdentifier>
    </Filter>
    <Filter Include="TransformationExecutors\StandardSTLTransformationExecutor">
      <UniqueIdentifier>{c8f702ac-8991-40c1-8426-8b151e1fc729}</UniqueIdentifier>
    </Filter>
    <Filter Include="TransformationExecutors\MKLSTLTransformationExecutor">
      <UniqueIdentifier>{e2a774d5-159c-4d4c-a459-a7e365d6ea51}</UniqueIdentifier>
    </Filter>
    <Filter Include="Models">
      <UniqueIdentifier>{063e6a7b-042b-4736-88cb-8eb471ed4f40}</UniqueIdentifier>
      <Extensions>
      </Extensions>
    </Filter>
    <Filter Include="Models\STLModel">
      <UniqueIdentifier>{d4c9199f-1706-4f20-be60-efd7caf18c52}</UniqueIdentifier>
      <Extensions>
      </Extensions>
    </Filter>
    <Filter Include="TPL">
      <UniqueIdentifier>{555a62d7-f391-454c-b4eb-99c95904f505}</UniqueIdentifier>
    </Filter>
  </ItemGroup>
  <ItemGroup>
    <ClCompile Include="Affine.cpp">
      <Filter>Исходные файлы</Filter>
    </ClCompile>
    <ClCompile Include="Readers\STLReader\STLReader.cpp">
      <Filter>Readers\STLReader</Filter>
    </ClCompile>
    <ClCompile Include="Writers\STLWriter\STLWriter.cpp">
      <Filter>Writers\STLWriter</Filter>
    </ClCompile>
    <ClCompile Include="TransformationExecutors\StandardSTLTransformationExecutor\StandardSTLTransformationExecutor.cpp">
      <Filter>TransformationExecutors\StandardSTLTransformationExecutor</Filter>
    </ClCompile>
    <ClCompile Include="TransformationExecutors\MKLSTLTransformationExecutor\MKLSTLTransformationExecutor.cpp">
      <Filter>TransformationExecutors\MKLSTLTransformationExecutor</Filter>
    </ClCompile>
    <ClCompile Include="Models\STLModel\STLModel.cpp">
      <Filter>Models\STLModel</Filter>
    </ClCompile>
  </ItemGroup>
  <ItemGroup>
    <ClInclude Include="Readers\STLReader\STLReader.h">
      <Filter>Readers\STLReader</Filter>
    </ClInclude>
    <ClInclude Include="Writers\STLWriter\STLWriter.h">
      <Filter>Writers\STLWriter</Filter>
    </ClInclude>
    <ClInclude Include="TransformationExecutors\TransformationExecutor.h">
      <Filter>TransformationExecutors</Filter>
    </ClInclude>
    <ClInclude Include="TransformationExecutors\StandardSTLTransformationExecutor\StandardSTLTransformationExecutor.h">
      <Filter>TransformationExecutors\StandardSTLTransformationExecutor</Filter>
    </ClInclude>
    <ClInclude Include="TransformationExecutors\MKLSTLTransformationExecutor\MKLSTLTransformationExecutor.h">
      <Filter>TransformationExecutors\MKLSTLTransformationExecutor</Filter>
    </ClInclude>
    <ClInclude Include="Models\STLModel\STLModel.h">
      <Filter>Models\STLModel</Filter>
    </ClInclude>
    <ClInclude Include="Logger.h">
      <Filter>Файлы заголовков</Filter>
    </ClInclude>
    <ClInclude Include="STLModelTest.h">
      <Filter>Файлы заголовков</Filter>
    </ClInclude>
    <ClInclude Include="Result.h">
      <Filter>Файлы заголовков</Filter>
    </ClInclude>
    <ClInclude Include="AffineTransformation.h">
      <Filter>Файлы заголовков</Filter>
    </ClInclude>
    <ClInclude Include="TransformationBuilder.h">
      <Filter>Файлы заголовков</Filter>
    </ClInclude>
    <ClInclude Include="TransformationView.h">
      <Filter>Файлы заголовков</Filter>
    </ClInclude>
    <ClInclude Include="Math.h">
      <Filter>Файлы заголовков</Filter>
    </ClInclude>
    <ClInclude Include="TPL\stlio.hpp">
      <Filter>TPL</Filter>
    </ClInclude>
  </ItemGroup>
  <ItemGroup>
    <None Include="packages.config" />
  </ItemGroup>
</Project>